
Microsoft Visual Studio Solution File, Format Version 12.00
# Visual Studio Version 17
VisualStudioVersion = 17.10.34928.147
MinimumVisualStudioVersion = 10.0.40219.1
Project("{9A19103F-16F7-4668-BE54-9A1E7A4F7556}") = "WebApplication2", "WebApplication2\WebApplication2.csproj", "{DA13493F-5E1B-4C2C-8F7F-D878AC7C3F19}"
EndProject
Global
	GlobalSection(SolutionConfigurationPlatforms) = preSolution
		Debug|Any CPU = Debug|Any CPU
		Release|Any CPU = Release|Any CPU
	EndGlobalSection
	GlobalSection(ProjectConfigurationPlatforms) = postSolution
		{DA13493F-5E1B-4C2C-8F7F-D878AC7C3F19}.Debug|Any CPU.ActiveCfg = Debug|Any CPU
		{DA13493F-5E1B-4C2C-8F7F-D878AC7C3F19}.Debug|Any CPU.Build.0 = Debug|Any CPU
		{DA13493F-5E1B-4C2C-8F7F-D878AC7C3F19}.Release|Any CPU.ActiveCfg = Release|Any CPU
		{DA13493F-5E1B-4C2C-8F7F-D878AC7C3F19}.Release|Any CPU.Build.0 = Release|Any CPU
	EndGlobalSection
	GlobalSection(SolutionProperties) = preSolution
		HideSolutionNode = FALSE
	EndGlobalSection
	GlobalSection(ExtensibilityGlobals) = postSolution
		SolutionGuid = {A1BC982A-3091-4792-AEC2-422DC3455CA0}
	EndGlobalSection
EndGlobal
